
Microsoft Visual Studio Solution File, Format Version 12.00
Project("{FAE04EC0-301F-11D3-BF4B-00C04F79EFBC}") = "eBookScraper", "eBookScraper\eBookScraper.csproj", "{4EEEF58A-8AA0-49C9-821C-4405F864FF12}"
EndProject
Global
	GlobalSection(SolutionConfigurationPlatforms) = preSolution
		Debug|Any CPU = Debug|Any CPU
		Release|Any CPU = Release|Any CPU
	EndGlobalSection
	GlobalSection(ProjectConfigurationPlatforms) = postSolution
		{4EEEF58A-8AA0-49C9-821C-4405F864FF12}.Debug|Any CPU.ActiveCfg = Debug|Any CPU
		{4EEEF58A-8AA0-49C9-821C-4405F864FF12}.Debug|Any CPU.Build.0 = Debug|Any CPU
		{4EEEF58A-8AA0-49C9-821C-4405F864FF12}.Release|Any CPU.ActiveCfg = Release|Any CPU
		{4EEEF58A-8AA0-49C9-821C-4405F864FF12}.Release|Any CPU.Build.0 = Release|Any CPU
	EndGlobalSection
EndGlobal
